// !$*UTF8*$!
{
	archiveVersion = 1;
	classes = {
	};
	objectVersion = 50;
	objects = {

/* Begin PBXBuildFile section */
		3BC7DD7ED9094517DCFCDD0B /* Pods_Covid_19Tests.framework in Frameworks */ = {isa = PBXBuildFile; fileRef = 45D3CD2BFD690D7D1E5A6B60 /* Pods_Covid_19Tests.framework */; };
		692B8E80252FF10900D7F190 /* Covid_19App.swift in Sources */ = {isa = PBXBuildFile; fileRef = 692B8E7F252FF10900D7F190 /* Covid_19App.swift */; };
		692B8E82252FF10900D7F190 /* ContentView.swift in Sources */ = {isa = PBXBuildFile; fileRef = 692B8E81252FF10900D7F190 /* ContentView.swift */; };
		692B8E84252FF10D00D7F190 /* Assets.xcassets in Resources */ = {isa = PBXBuildFile; fileRef = 692B8E83252FF10D00D7F190 /* Assets.xcassets */; };
		692B8E87252FF10D00D7F190 /* Preview Assets.xcassets in Resources */ = {isa = PBXBuildFile; fileRef = 692B8E86252FF10D00D7F190 /* Preview Assets.xcassets */; };
		692B8E92252FF10D00D7F190 /* Covid_19Tests.swift in Sources */ = {isa = PBXBuildFile; fileRef = 692B8E91252FF10D00D7F190 /* Covid_19Tests.swift */; };
		692B8E9D252FF10D00D7F190 /* Covid_19UITests.swift in Sources */ = {isa = PBXBuildFile; fileRef = 692B8E9C252FF10D00D7F190 /* Covid_19UITests.swift */; };
		D3DEE404F59E69D974BEE285 /* Pods_Covid_19_Covid_19UITests.framework in Frameworks */ = {isa = PBXBuildFile; fileRef = 446773F1CBFBD247A4BB9D1C /* Pods_Covid_19_Covid_19UITests.framework */; };
/* End PBXBuildFile section */

/* Begin PBXContainerItemProxy section */
		692B8E8E252FF10D00D7F190 /* PBXContainerItemProxy */ = {
			isa = PBXContainerItemProxy;
			containerPortal = 692B8E74252FF10900D7F190 /* Project object */;
			proxyType = 1;
			remoteGlobalIDString = 692B8E7B252FF10900D7F190;
			remoteInfo = "Covid-19";
		};
		692B8E99252FF10D00D7F190 /* PBXContainerItemProxy */ = {
			isa = PBXContainerItemProxy;
			containerPortal = 692B8E74252FF10900D7F190 /* Project object */;
			proxyType = 1;
			remoteGlobalIDString = 692B8E7B252FF10900D7F190;
			remoteInfo = "Covid-19";
		};
/* End PBXContainerItemProxy section */

/* Begin PBXFileReference section */
		37B82C5852CB14F97DDBCF9A /* Pods-Covid-19Tests.release.xcconfig */ = {isa = PBXFileReference; includeInIndex = 1; lastKnownFileType = text.xcconfig; name = "Pods-Covid-19Tests.release.xcconfig"; path = "Target Support Files/Pods-Covid-19Tests/Pods-Covid-19Tests.release.xcconfig"; sourceTree = "<group>"; };
		446773F1CBFBD247A4BB9D1C /* Pods_Covid_19_Covid_19UITests.framework */ = {isa = PBXFileReference; explicitFileType = wrapper.framework; includeInIndex = 0; path = Pods_Covid_19_Covid_19UITests.framework; sourceTree = BUILT_PRODUCTS_DIR; };
		45D3CD2BFD690D7D1E5A6B60 /* Pods_Covid_19Tests.framework */ = {isa = PBXFileReference; explicitFileType = wrapper.framework; includeInIndex = 0; path = Pods_Covid_19Tests.framework; sourceTree = BUILT_PRODUCTS_DIR; };
		4CC8208882E507E80BECE21D /* Pods_Covid_19.framework */ = {isa = PBXFileReference; explicitFileType = wrapper.framework; includeInIndex = 0; path = Pods_Covid_19.framework; sourceTree = BUILT_PRODUCTS_DIR; };
		5033A33F29C54AECB42B6DF0 /* Pods-Covid-19.release.xcconfig */ = {isa = PBXFileReference; includeInIndex = 1; lastKnownFileType = text.xcconfig; name = "Pods-Covid-19.release.xcconfig"; path = "Target Support Files/Pods-Covid-19/Pods-Covid-19.release.xcconfig"; sourceTree = "<group>"; };
		692B8E7C252FF10900D7F190 /* Covid-19.app */ = {isa = PBXFileReference; explicitFileType = wrapper.application; includeInIndex = 0; path = "Covid-19.app"; sourceTree = BUILT_PRODUCTS_DIR; };
		692B8E7F252FF10900D7F190 /* Covid_19App.swift */ = {isa = PBXFileReference; lastKnownFileType = sourcecode.swift; path = Covid_19App.swift; sourceTree = "<group>"; };
		692B8E81252FF10900D7F190 /* ContentView.swift */ = {isa = PBXFileReference; indentWidth = 3; lastKnownFileType = sourcecode.swift; path = ContentView.swift; sourceTree = "<group>"; };
		692B8E83252FF10D00D7F190 /* Assets.xcassets */ = {isa = PBXFileReference; lastKnownFileType = folder.assetcatalog; path = Assets.xcassets; sourceTree = "<group>"; };
		692B8E86252FF10D00D7F190 /* Preview Assets.xcassets */ = {isa = PBXFileReference; lastKnownFileType = folder.assetcatalog; path = "Preview Assets.xcassets"; sourceTree = "<group>"; };
		692B8E88252FF10D00D7F190 /* Info.plist */ = {isa = PBXFileReference; lastKnownFileType = text.plist.xml; path = Info.plist; sourceTree = "<group>"; };
		692B8E8D252FF10D00D7F190 /* Covid-19Tests.xctest */ = {isa = PBXFileReference; explicitFileType = wrapper.cfbundle; includeInIndex = 0; path = "Covid-19Tests.xctest"; sourceTree = BUILT_PRODUCTS_DIR; };
		692B8E91252FF10D00D7F190 /* Covid_19Tests.swift */ = {isa = PBXFileReference; lastKnownFileType = sourcecode.swift; path = Covid_19Tests.swift; sourceTree = "<group>"; };
		692B8E93252FF10D00D7F190 /* Info.plist */ = {isa = PBXFileReference; lastKnownFileType = text.plist.xml; path = Info.plist; sourceTree = "<group>"; };
		692B8E98252FF10D00D7F190 /* Covid-19UITests.xctest */ = {isa = PBXFileReference; explicitFileType = wrapper.cfbundle; includeInIndex = 0; path = "Covid-19UITests.xctest"; sourceTree = BUILT_PRODUCTS_DIR; };
		692B8E9C252FF10D00D7F190 /* Covid_19UITests.swift */ = {isa = PBXFileReference; lastKnownFileType = sourcecode.swift; path = Covid_19UITests.swift; sourceTree = "<group>"; };
		692B8E9E252FF10D00D7F190 /* Info.plist */ = {isa = PBXFileReference; lastKnownFileType = text.plist.xml; path = Info.plist; sourceTree = "<group>"; };
		7EB30E425A98805745388D63 /* Pods-Covid-19-Covid-19UITests.release.xcconfig */ = {isa = PBXFileReference; includeInIndex = 1; lastKnownFileType = text.xcconfig; name = "Pods-Covid-19-Covid-19UITests.release.xcconfig"; path = "Target Support Files/Pods-Covid-19-Covid-19UITests/Pods-Covid-19-Covid-19UITests.release.xcconfig"; sourceTree = "<group>"; };
		9DD6070DD03650FBF3F1085A /* Pods-Covid-19Tests.debug.xcconfig */ = {isa = PBXFileReference; includeInIndex = 1; lastKnownFileType = text.xcconfig; name = "Pods-Covid-19Tests.debug.xcconfig"; path = "Target Support Files/Pods-Covid-19Tests/Pods-Covid-19Tests.debug.xcconfig"; sourceTree = "<group>"; };
		A322535BDC6E15E0EFBEDFF6 /* Pods-Covid-19.debug.xcconfig */ = {isa = PBXFileReference; includeInIndex = 1; lastKnownFileType = text.xcconfig; name = "Pods-Covid-19.debug.xcconfig"; path = "Target Support Files/Pods-Covid-19/Pods-Covid-19.debug.xcconfig"; sourceTree = "<group>"; };
		B2E161719FD2EDF8F9257C28 /* Pods-Covid-19-Covid-19UITests.debug.xcconfig */ = {isa = PBXFileReference; includeInIndex = 1; lastKnownFileType = text.xcconfig; name = "Pods-Covid-19-Covid-19UITests.debug.xcconfig"; path = "Target Support Files/Pods-Covid-19-Covid-19UITests/Pods-Covid-19-Covid-19UITests.debug.xcconfig"; sourceTree = "<group>"; };
/* End PBXFileReference section */

/* Begin PBXFrameworksBuildPhase section */
		692B8E79252FF10900D7F190 /* Frameworks */ = {
			isa = PBXFrameworksBuildPhase;
			buildActionMask = 2147483647;
			files = (
			);
			runOnlyForDeploymentPostprocessing = 0;
		};
		692B8E8A252FF10D00D7F190 /* Frameworks */ = {
			isa = PBXFrameworksBuildPhase;
			buildActionMask = 2147483647;
			files = (
				3BC7DD7ED9094517DCFCDD0B /* Pods_Covid_19Tests.framework in Frameworks */,
			);
			runOnlyForDeploymentPostprocessing = 0;
		};
		692B8E95252FF10D00D7F190 /* Frameworks */ = {
			isa = PBXFrameworksBuildPhase;
			buildActionMask = 2147483647;
			files = (
				D3DEE404F59E69D974BEE285 /* Pods_Covid_19_Covid_19UITests.framework in Frameworks */,
			);
			runOnlyForDeploymentPostprocessing = 0;
		};
/* End PBXFrameworksBuildPhase section */

/* Begin PBXGroup section */
		692B8E73252FF10900D7F190 = {
			isa = PBXGroup;
			children = (
				692B8E7E252FF10900D7F190 /* Covid-19 */,
				692B8E90252FF10D00D7F190 /* Covid-19Tests */,
				692B8E9B252FF10D00D7F190 /* Covid-19UITests */,
				692B8E7D252FF10900D7F190 /* Products */,
				7621E14AF12135501ED2C5AC /* Pods */,
				D2837E70EAD623B6C7647FA2 /* Frameworks */,
			);
			sourceTree = "<group>";
		};
		692B8E7D252FF10900D7F190 /* Products */ = {
			isa = PBXGroup;
			children = (
				692B8E7C252FF10900D7F190 /* Covid-19.app */,
				692B8E8D252FF10D00D7F190 /* Covid-19Tests.xctest */,
				692B8E98252FF10D00D7F190 /* Covid-19UITests.xctest */,
			);
			name = Products;
			sourceTree = "<group>";
		};
		692B8E7E252FF10900D7F190 /* Covid-19 */ = {
			isa = PBXGroup;
			children = (
				692B8E7F252FF10900D7F190 /* Covid_19App.swift */,
				692B8E81252FF10900D7F190 /* ContentView.swift */,
				692B8E83252FF10D00D7F190 /* Assets.xcassets */,
				692B8E88252FF10D00D7F190 /* Info.plist */,
				692B8E85252FF10D00D7F190 /* Preview Content */,
			);
			path = "Covid-19";
			sourceTree = "<group>";
		};
		692B8E85252FF10D00D7F190 /* Preview Content */ = {
			isa = PBXGroup;
			children = (
				692B8E86252FF10D00D7F190 /* Preview Assets.xcassets */,
			);
			path = "Preview Content";
			sourceTree = "<group>";
		};
		692B8E90252FF10D00D7F190 /* Covid-19Tests */ = {
			isa = PBXGroup;
			children = (
				692B8E91252FF10D00D7F190 /* Covid_19Tests.swift */,
				692B8E93252FF10D00D7F190 /* Info.plist */,
			);
			path = "Covid-19Tests";
			sourceTree = "<group>";
		};
		692B8E9B252FF10D00D7F190 /* Covid-19UITests */ = {
			isa = PBXGroup;
			children = (
				692B8E9C252FF10D00D7F190 /* Covid_19UITests.swift */,
				692B8E9E252FF10D00D7F190 /* Info.plist */,
			);
			path = "Covid-19UITests";
			sourceTree = "<group>";
		};
		7621E14AF12135501ED2C5AC /* Pods */ = {
			isa = PBXGroup;
			children = (
				A322535BDC6E15E0EFBEDFF6 /* Pods-Covid-19.debug.xcconfig */,
				5033A33F29C54AECB42B6DF0 /* Pods-Covid-19.release.xcconfig */,
				B2E161719FD2EDF8F9257C28 /* Pods-Covid-19-Covid-19UITests.debug.xcconfig */,
				7EB30E425A98805745388D63 /* Pods-Covid-19-Covid-19UITests.release.xcconfig */,
				9DD6070DD03650FBF3F1085A /* Pods-Covid-19Tests.debug.xcconfig */,
				37B82C5852CB14F97DDBCF9A /* Pods-Covid-19Tests.release.xcconfig */,
			);
			path = Pods;
			sourceTree = "<group>";
		};
		D2837E70EAD623B6C7647FA2 /* Frameworks */ = {
			isa = PBXGroup;
			children = (
				4CC8208882E507E80BECE21D /* Pods_Covid_19.framework */,
				446773F1CBFBD247A4BB9D1C /* Pods_Covid_19_Covid_19UITests.framework */,
				45D3CD2BFD690D7D1E5A6B60 /* Pods_Covid_19Tests.framework */,
			);
			name = Frameworks;
			sourceTree = "<group>";
		};
/* End PBXGroup section */

/* Begin PBXNativeTarget section */
		692B8E7B252FF10900D7F190 /* Covid-19 */ = {
			isa = PBXNativeTarget;
			buildConfigurationList = 692B8EA1252FF10D00D7F190 /* Build configuration list for PBXNativeTarget "Covid-19" */;
			buildPhases = (
				F1FB845FDE45D481CDFF5B78 /* [CP] Check Pods Manifest.lock */,
				692B8E78252FF10900D7F190 /* Sources */,
				692B8E79252FF10900D7F190 /* Frameworks */,
				692B8E7A252FF10900D7F190 /* Resources */,
			);
			buildRules = (
			);
			dependencies = (
			);
			name = "Covid-19";
			productName = "Covid-19";
			productReference = 692B8E7C252FF10900D7F190 /* Covid-19.app */;
			productType = "com.apple.product-type.application";
		};
		692B8E8C252FF10D00D7F190 /* Covid-19Tests */ = {
			isa = PBXNativeTarget;
			buildConfigurationList = 692B8EA4252FF10D00D7F190 /* Build configuration list for PBXNativeTarget "Covid-19Tests" */;
			buildPhases = (
				D8E16346CED8BC74E90270DE /* [CP] Check Pods Manifest.lock */,
				692B8E89252FF10D00D7F190 /* Sources */,
				692B8E8A252FF10D00D7F190 /* Frameworks */,
				692B8E8B252FF10D00D7F190 /* Resources */,
			);
			buildRules = (
			);
			dependencies = (
				692B8E8F252FF10D00D7F190 /* PBXTargetDependency */,
			);
			name = "Covid-19Tests";
			productName = "Covid-19Tests";
			productReference = 692B8E8D252FF10D00D7F190 /* Covid-19Tests.xctest */;
			productType = "com.apple.product-type.bundle.unit-test";
		};
		692B8E97252FF10D00D7F190 /* Covid-19UITests */ = {
			isa = PBXNativeTarget;
			buildConfigurationList = 692B8EA7252FF10D00D7F190 /* Build configuration list for PBXNativeTarget "Covid-19UITests" */;
			buildPhases = (
				7CC8EB870C82FB5B4306665B /* [CP] Check Pods Manifest.lock */,
				692B8E94252FF10D00D7F190 /* Sources */,
				692B8E95252FF10D00D7F190 /* Frameworks */,
				692B8E96252FF10D00D7F190 /* Resources */,
			);
			buildRules = (
			);
			dependencies = (
				692B8E9A252FF10D00D7F190 /* PBXTargetDependency */,
			);
			name = "Covid-19UITests";
			productName = "Covid-19UITests";
			productReference = 692B8E98252FF10D00D7F190 /* Covid-19UITests.xctest */;
			productType = "com.apple.product-type.bundle.ui-testing";
		};
/* End PBXNativeTarget section */

/* Begin PBXProject section */
		692B8E74252FF10900D7F190 /* Project object */ = {
			isa = PBXProject;
			attributes = {
				LastSwiftUpdateCheck = 1200;
				LastUpgradeCheck = 1200;
				TargetAttributes = {
					692B8E7B252FF10900D7F190 = {
						CreatedOnToolsVersion = 12.0.1;
					};
					692B8E8C252FF10D00D7F190 = {
						CreatedOnToolsVersion = 12.0.1;
						TestTargetID = 692B8E7B252FF10900D7F190;
					};
					692B8E97252FF10D00D7F190 = {
						CreatedOnToolsVersion = 12.0.1;
						TestTargetID = 692B8E7B252FF10900D7F190;
					};
				};
			};
			buildConfigurationList = 692B8E77252FF10900D7F190 /* Build configuration list for PBXProject "Covid-19" */;
			compatibilityVersion = "Xcode 9.3";
			developmentRegion = en;
			hasScannedForEncodings = 0;
			knownRegions = (
				en,
				Base,
			);
			mainGroup = 692B8E73252FF10900D7F190;
			productRefGroup = 692B8E7D252FF10900D7F190 /* Products */;
			projectDirPath = "";
			projectRoot = "";
			targets = (
				692B8E7B252FF10900D7F190 /* Covid-19 */,
				692B8E8C252FF10D00D7F190 /* Covid-19Tests */,
				692B8E97252FF10D00D7F190 /* Covid-19UITests */,
			);
		};
/* End PBXProject section */

/* Begin PBXResourcesBuildPhase section */
		692B8E7A252FF10900D7F190 /* Resources */ = {
			isa = PBXResourcesBuildPhase;
			buildActionMask = 2147483647;
			files = (
				692B8E87252FF10D00D7F190 /* Preview Assets.xcassets in Resources */,
				692B8E84252FF10D00D7F190 /* Assets.xcassets in Resources */,
			);
			runOnlyForDeploymentPostprocessing = 0;
		};
		692B8E8B252FF10D00D7F190 /* Resources */ = {
			isa = PBXResourcesBuildPhase;
			buildActionMask = 2147483647;
			files = (
			);
			runOnlyForDeploymentPostprocessing = 0;
		};
		692B8E96252FF10D00D7F190 /* Resources */ = {
			isa = PBXResourcesBuildPhase;
			buildActionMask = 2147483647;
			files = (
			);
			runOnlyForDeploymentPostprocessing = 0;
		};
/* End PBXResourcesBuildPhase section */

/* Begin PBXShellScriptBuildPhase section */
		7CC8EB870C82FB5B4306665B /* [CP] Check Pods Manifest.lock */ = {
			isa = PBXShellScriptBuildPhase;
			buildActionMask = 2147483647;
			files = (
			);
			inputFileListPaths = (
			);
			inputPaths = (
				"${PODS_PODFILE_DIR_PATH}/Podfile.lock",
				"${PODS_ROOT}/Manifest.lock",
			);
			name = "[CP] Check Pods Manifest.lock";
			outputFileListPaths = (
			);
			outputPaths = (
				"$(DERIVED_FILE_DIR)/Pods-Covid-19-Covid-19UITests-checkManifestLockResult.txt",
			);
			runOnlyForDeploymentPostprocessing = 0;
			shellPath = /bin/sh;
			shellScript = "diff \"${PODS_PODFILE_DIR_PATH}/Podfile.lock\" \"${PODS_ROOT}/Manifest.lock\" > /dev/null\nif [ $? != 0 ] ; then\n    # print error to STDERR\n    echo \"error: The sandbox is not in sync with the Podfile.lock. Run 'pod install' or update your CocoaPods installation.\" >&2\n    exit 1\nfi\n# This output is used by Xcode 'outputs' to avoid re-running this script phase.\necho \"SUCCESS\" > \"${SCRIPT_OUTPUT_FILE_0}\"\n";
			showEnvVarsInLog = 0;
		};
		D8E16346CED8BC74E90270DE /* [CP] Check Pods Manifest.lock */ = {
			isa = PBXShellScriptBuildPhase;
			buildActionMask = 2147483647;
			files = (
			);
			inputFileListPaths = (
			);
			inputPaths = (
				"${PODS_PODFILE_DIR_PATH}/Podfile.lock",
				"${PODS_ROOT}/Manifest.lock",
			);
			name = "[CP] Check Pods Manifest.lock";
			outputFileListPaths = (
			);
			outputPaths = (
				"$(DERIVED_FILE_DIR)/Pods-Covid-19Tests-checkManifestLockResult.txt",
			);
			runOnlyForDeploymentPostprocessing = 0;
			shellPath = /bin/sh;
			shellScript = "diff \"${PODS_PODFILE_DIR_PATH}/Podfile.lock\" \"${PODS_ROOT}/Manifest.lock\" > /dev/null\nif [ $? != 0 ] ; then\n    # print error to STDERR\n    echo \"error: The sandbox is not in sync with the Podfile.lock. Run 'pod install' or update your CocoaPods installation.\" >&2\n    exit 1\nfi\n# This output is used by Xcode 'outputs' to avoid re-running this script phase.\necho \"SUCCESS\" > \"${SCRIPT_OUTPUT_FILE_0}\"\n";
			showEnvVarsInLog = 0;
		};
		F1FB845FDE45D481CDFF5B78 /* [CP] Check Pods Manifest.lock */ = {
			isa = PBXShellScriptBuildPhase;
			buildActionMask = 2147483647;
			files = (
			);
			inputFileListPaths = (
			);
			inputPaths = (
				"${PODS_PODFILE_DIR_PATH}/Podfile.lock",
				"${PODS_ROOT}/Manifest.lock",
			);
			name = "[CP] Check Pods Manifest.lock";
			outputFileListPaths = (
			);
			outputPaths = (
				"$(DERIVED_FILE_DIR)/Pods-Covid-19-checkManifestLockResult.txt",
			);
			runOnlyForDeploymentPostprocessing = 0;
			shellPath = /bin/sh;
			shellScript = "diff \"${PODS_PODFILE_DIR_PATH}/Podfile.lock\" \"${PODS_ROOT}/Manifest.lock\" > /dev/null\nif [ $? != 0 ] ; then\n    # print error to STDERR\n    echo \"error: The sandbox is not in sync with the Podfile.lock. Run 'pod install' or update your CocoaPods installation.\" >&2\n    exit 1\nfi\n# This output is used by Xcode 'outputs' to avoid re-running this script phase.\necho \"SUCCESS\" > \"${SCRIPT_OUTPUT_FILE_0}\"\n";
			showEnvVarsInLog = 0;
		};
/* End PBXShellScriptBuildPhase section */

/* Begin PBXSourcesBuildPhase section */
		692B8E78252FF10900D7F190 /* Sources */ = {
			isa = PBXSourcesBuildPhase;
			buildActionMask = 2147483647;
			files = (
				692B8E82252FF10900D7F190 /* ContentView.swift in Sources */,
				692B8E80252FF10900D7F190 /* Covid_19App.swift in Sources */,
			);
			runOnlyForDeploymentPostprocessing = 0;
		};
		692B8E89252FF10D00D7F190 /* Sources */ = {
			isa = PBXSourcesBuildPhase;
			buildActionMask = 2147483647;
			files = (
				692B8E92252FF10D00D7F190 /* Covid_19Tests.swift in Sources */,
			);
			runOnlyForDeploymentPostprocessing = 0;
		};
		692B8E94252FF10D00D7F190 /* Sources */ = {
			isa = PBXSourcesBuildPhase;
			buildActionMask = 2147483647;
			files = (
				692B8E9D252FF10D00D7F190 /* Covid_19UITests.swift in Sources */,
			);
			runOnlyForDeploymentPostprocessing = 0;
		};
/* End PBXSourcesBuildPhase section */

/* Begin PBXTargetDependency section */
		692B8E8F252FF10D00D7F190 /* PBXTargetDependency */ = {
			isa = PBXTargetDependency;
			target = 692B8E7B252FF10900D7F190 /* Covid-19 */;
			targetProxy = 692B8E8E252FF10D00D7F190 /* PBXContainerItemProxy */;
		};
		692B8E9A252FF10D00D7F190 /* PBXTargetDependency */ = {
			isa = PBXTargetDependency;
			target = 692B8E7B252FF10900D7F190 /* Covid-19 */;
			targetProxy = 692B8E99252FF10D00D7F190 /* PBXContainerItemProxy */;
		};
/* End PBXTargetDependency section */

/* Begin XCBuildConfiguration section */
		692B8E9F252FF10D00D7F190 /* Debug */ = {
			isa = XCBuildConfiguration;
			buildSettings = {
				ALWAYS_SEARCH_USER_PATHS = NO;
				CLANG_ANALYZER_NONNULL = YES;
				CLANG_ANALYZER_NUMBER_OBJECT_CONVERSION = YES_AGGRESSIVE;
				CLANG_CXX_LANGUAGE_STANDARD = "gnu++14";
				CLANG_CXX_LIBRARY = "libc++";
				CLANG_ENABLE_MODULES = YES;
				CLANG_ENABLE_OBJC_ARC = YES;
				CLANG_ENABLE_OBJC_WEAK = YES;
				CLANG_WARN_BLOCK_CAPTURE_AUTORELEASING = YES;
				CLANG_WARN_BOOL_CONVERSION = YES;
				CLANG_WARN_COMMA = YES;
				CLANG_WARN_CONSTANT_CONVERSION = YES;
				CLANG_WARN_DEPRECATED_OBJC_IMPLEMENTATIONS = YES;
				CLANG_WARN_DIRECT_OBJC_ISA_USAGE = YES_ERROR;
				CLANG_WARN_DOCUMENTATION_COMMENTS = YES;
				CLANG_WARN_EMPTY_BODY = YES;
				CLANG_WARN_ENUM_CONVERSION = YES;
				CLANG_WARN_INFINITE_RECURSION = YES;
				CLANG_WARN_INT_CONVERSION = YES;
				CLANG_WARN_NON_LITERAL_NULL_CONVERSION = YES;
				CLANG_WARN_OBJC_IMPLICIT_RETAIN_SELF = YES;
				CLANG_WARN_OBJC_LITERAL_CONVERSION = YES;
				CLANG_WARN_OBJC_ROOT_CLASS = YES_ERROR;
				CLANG_WARN_QUOTED_INCLUDE_IN_FRAMEWORK_HEADER = YES;
				CLANG_WARN_RANGE_LOOP_ANALYSIS = YES;
				CLANG_WARN_STRICT_PROTOTYPES = YES;
				CLANG_WARN_SUSPICIOUS_MOVE = YES;
				CLANG_WARN_UNGUARDED_AVAILABILITY = YES_AGGRESSIVE;
				CLANG_WARN_UNREACHABLE_CODE = YES;
				CLANG_WARN__DUPLICATE_METHOD_MATCH = YES;
				COPY_PHASE_STRIP = NO;
				DEBUG_INFORMATION_FORMAT = dwarf;
				ENABLE_STRICT_OBJC_MSGSEND = YES;
				ENABLE_TESTABILITY = YES;
				GCC_C_LANGUAGE_STANDARD = gnu11;
				GCC_DYNAMIC_NO_PIC = NO;
				GCC_NO_COMMON_BLOCKS = YES;
				GCC_OPTIMIZATION_LEVEL = 0;
				GCC_PREPROCESSOR_DEFINITIONS = (
					"DEBUG=1",
					"$(inherited)",
				);
				GCC_WARN_64_TO_32_BIT_CONVERSION = YES;
				GCC_WARN_ABOUT_RETURN_TYPE = YES_ERROR;
				GCC_WARN_UNDECLARED_SELECTOR = YES;
				GCC_WARN_UNINITIALIZED_AUTOS = YES_AGGRESSIVE;
				GCC_WARN_UNUSED_FUNCTION = YES;
				GCC_WARN_UNUSED_VARIABLE = YES;
				IPHONEOS_DEPLOYMENT_TARGET = 14.0;
				MTL_ENABLE_DEBUG_INFO = INCLUDE_SOURCE;
				MTL_FAST_MATH = YES;
				ONLY_ACTIVE_ARCH = YES;
				SDKROOT = iphoneos;
				SWIFT_ACTIVE_COMPILATION_CONDITIONS = DEBUG;
				SWIFT_OPTIMIZATION_LEVEL = "-Onone";
			};
			name = Debug;
		};
		692B8EA0252FF10D00D7F190 /* Release */ = {
			isa = XCBuildConfiguration;
			buildSettings = {
				ALWAYS_SEARCH_USER_PATHS = NO;
				CLANG_ANALYZER_NONNULL = YES;
				CLANG_ANALYZER_NUMBER_OBJECT_CONVERSION = YES_AGGRESSIVE;
				CLANG_CXX_LANGUAGE_STANDARD = "gnu++14";
				CLANG_CXX_LIBRARY = "libc++";
				CLANG_ENABLE_MODULES = YES;
				CLANG_ENABLE_OBJC_ARC = YES;
				CLANG_ENABLE_OBJC_WEAK = YES;
				CLANG_WARN_BLOCK_CAPTURE_AUTORELEASING = YES;
				CLANG_WARN_BOOL_CONVERSION = YES;
				CLANG_WARN_COMMA = YES;
				CLANG_WARN_CONSTANT_CONVERSION = YES;
				CLANG_WARN_DEPRECATED_OBJC_IMPLEMENTATIONS = YES;
				CLANG_WARN_DIRECT_OBJC_ISA_USAGE = YES_ERROR;
				CLANG_WARN_DOCUMENTATION_COMMENTS = YES;
				CLANG_WARN_EMPTY_BODY = YES;
				CLANG_WARN_ENUM_CONVERSION = YES;
				CLANG_WARN_INFINITE_RECURSION = YES;
				CLANG_WARN_INT_CONVERSION = YES;
				CLANG_WARN_NON_LITERAL_NULL_CONVERSION = YES;
				CLANG_WARN_OBJC_IMPLICIT_RETAIN_SELF = YES;
				CLANG_WARN_OBJC_LITERAL_CONVERSION = YES;
				CLANG_WARN_OBJC_ROOT_CLASS = YES_ERROR;
				CLANG_WARN_QUOTED_INCLUDE_IN_FRAMEWORK_HEADER = YES;
				CLANG_WARN_RANGE_LOOP_ANALYSIS = YES;
				CLANG_WARN_STRICT_PROTOTYPES = YES;
				CLANG_WARN_SUSPICIOUS_MOVE = YES;
				CLANG_WARN_UNGUARDED_AVAILABILITY = YES_AGGRESSIVE;
				CLANG_WARN_UNREACHABLE_CODE = YES;
				CLANG_WARN__DUPLICATE_METHOD_MATCH = YES;
				COPY_PHASE_STRIP = NO;
				DEBUG_INFORMATION_FORMAT = "dwarf-with-dsym";
				ENABLE_NS_ASSERTIONS = NO;
				ENABLE_STRICT_OBJC_MSGSEND = YES;
				GCC_C_LANGUAGE_STANDARD = gnu11;
				GCC_NO_COMMON_BLOCKS = YES;
				GCC_WARN_64_TO_32_BIT_CONVERSION = YES;
				GCC_WARN_ABOUT_RETURN_TYPE = YES_ERROR;
				GCC_WARN_UNDECLARED_SELECTOR = YES;
				GCC_WARN_UNINITIALIZED_AUTOS = YES_AGGRESSIVE;
				GCC_WARN_UNUSED_FUNCTION = YES;
				GCC_WARN_UNUSED_VARIABLE = YES;
				IPHONEOS_DEPLOYMENT_TARGET = 14.0;
				MTL_ENABLE_DEBUG_INFO = NO;
				MTL_FAST_MATH = YES;
				SDKROOT = iphoneos;
				SWIFT_COMPILATION_MODE = wholemodule;
				SWIFT_OPTIMIZATION_LEVEL = "-O";
				VALIDATE_PRODUCT = YES;
			};
			name = Release;
		};
		692B8EA2252FF10D00D7F190 /* Debug */ = {
			isa = XCBuildConfiguration;
			baseConfigurationReference = A322535BDC6E15E0EFBEDFF6 /* Pods-Covid-19.debug.xcconfig */;
			buildSettings = {
				ASSETCATALOG_COMPILER_APPICON_NAME = AppIcon;
				ASSETCATALOG_COMPILER_GLOBAL_ACCENT_COLOR_NAME = AccentColor;
				CODE_SIGN_STYLE = Automatic;
				DEVELOPMENT_ASSET_PATHS = "\"Covid-19/Preview Content\"";
				DEVELOPMENT_TEAM = P32D749BUR;
				ENABLE_PREVIEWS = YES;
				INFOPLIST_FILE = "Covid-19/Info.plist";
				IPHONEOS_DEPLOYMENT_TARGET = 14.0;
				LD_RUNPATH_SEARCH_PATHS = (
					"$(inherited)",
					"@executable_path/Frameworks",
				);
				PRODUCT_BUNDLE_IDENTIFIER = "joohan.Covid-19";
				PRODUCT_NAME = "$(TARGET_NAME)";
				SWIFT_VERSION = 5.0;
				TARGETED_DEVICE_FAMILY = "1,2";
			};
			name = Debug;
		};
		692B8EA3252FF10D00D7F190 /* Release */ = {
			isa = XCBuildConfiguration;
			baseConfigurationReference = 5033A33F29C54AECB42B6DF0 /* Pods-Covid-19.release.xcconfig */;
			buildSettings = {
				ASSETCATALOG_COMPILER_APPICON_NAME = AppIcon;
				ASSETCATALOG_COMPILER_GLOBAL_ACCENT_COLOR_NAME = AccentColor;
				CODE_SIGN_STYLE = Automatic;
				DEVELOPMENT_ASSET_PATHS = "\"Covid-19/Preview Content\"";
				DEVELOPMENT_TEAM = P32D749BUR;
				ENABLE_PREVIEWS = YES;
				INFOPLIST_FILE = "Covid-19/Info.plist";
				IPHONEOS_DEPLOYMENT_TARGET = 14.0;
				LD_RUNPATH_SEARCH_PATHS = (
					"$(inherited)",
					"@executable_path/Frameworks",
				);
				PRODUCT_BUNDLE_IDENTIFIER = "joohan.Covid-19";
				PRODUCT_NAME = "$(TARGET_NAME)";
				SWIFT_VERSION = 5.0;
				TARGETED_DEVICE_FAMILY = "1,2";
			};
			name = Release;
		};
		692B8EA5252FF10D00D7F190 /* Debug */ = {
			isa = XCBuildConfiguration;
			baseConfigurationReference = 9DD6070DD03650FBF3F1085A /* Pods-Covid-19Tests.debug.xcconfig */;
			buildSettings = {
				ALWAYS_EMBED_SWIFT_STANDARD_LIBRARIES = YES;
				BUNDLE_LOADER = "$(TEST_HOST)";
				CODE_SIGN_STYLE = Automatic;
				DEVELOPMENT_TEAM = P32D749BUR;
				INFOPLIST_FILE = "Covid-19Tests/Info.plist";
				IPHONEOS_DEPLOYMENT_TARGET = 14.0;
				LD_RUNPATH_SEARCH_PATHS = (
					"$(inherited)",
					"@executable_path/Frameworks",
					"@loader_path/Frameworks",
				);
				PRODUCT_BUNDLE_IDENTIFIER = "joohan.Covid-19Tests";
				PRODUCT_NAME = "$(TARGET_NAME)";
				SWIFT_VERSION = 5.0;
				TARGETED_DEVICE_FAMILY = "1,2";
				TEST_HOST = "$(BUILT_PRODUCTS_DIR)/Covid-19.app/Covid-19";
			};
			name = Debug;
		};
		692B8EA6252FF10D00D7F190 /* Release */ = {
			isa = XCBuildConfiguration;
			baseConfigurationReference = 37B82C5852CB14F97DDBCF9A /* Pods-Covid-19Tests.release.xcconfig */;
			buildSettings = {
				ALWAYS_EMBED_SWIFT_STANDARD_LIBRARIES = YES;
				BUNDLE_LOADER = "$(TEST_HOST)";
				CODE_SIGN_STYLE = Automatic;
				DEVELOPMENT_TEAM = P32D749BUR;
				INFOPLIST_FILE = "Covid-19Tests/Info.plist";
				IPHONEOS_DEPLOYMENT_TARGET = 14.0;
				LD_RUNPATH_SEARCH_PATHS = (
					"$(inherited)",
					"@executable_path/Frameworks",
					"@loader_path/Frameworks",
				);
				PRODUCT_BUNDLE_IDENTIFIER = "joohan.Covid-19Tests";
				PRODUCT_NAME = "$(TARGET_NAME)";
				SWIFT_VERSION = 5.0;
				TARGETED_DEVICE_FAMILY = "1,2";
				TEST_HOST = "$(BUILT_PRODUCTS_DIR)/Covid-19.app/Covid-19";
			};
			name = Release;
		};
		692B8EA8252FF10D00D7F190 /* Debug */ = {
			isa = XCBuildConfiguration;
			baseConfigurationReference = B2E161719FD2EDF8F9257C28 /* Pods-Covid-19-Covid-19UITests.debug.xcconfig */;
			buildSettings = {
				ALWAYS_EMBED_SWIFT_STANDARD_LIBRARIES = YES;
				CODE_SIGN_STYLE = Automatic;
				DEVELOPMENT_TEAM = P32D749BUR;
				INFOPLIST_FILE = "Covid-19UITests/Info.plist";
				LD_RUNPATH_SEARCH_PATHS = (
					"$(inherited)",
					"@executable_path/Frameworks",
					"@loader_path/Frameworks",
				);
				PRODUCT_BUNDLE_IDENTIFIER = "joohan.Covid-19UITests";
				PRODUCT_NAME = "$(TARGET_NAME)";
				SWIFT_VERSION = 5.0;
				TARGETED_DEVICE_FAMILY = "1,2";
				TEST_TARGET_NAME = "Covid-19";
			};
			name = Debug;
		};
		692B8EA9252FF10D00D7F190 /* Release */ = {
			isa = XCBuildConfiguration;
			baseConfigurationReference = 7EB30E425A98805745388D63 /* Pods-Covid-19-Covid-19UITests.release.xcconfig */;
			buildSettings = {
				ALWAYS_EMBED_SWIFT_STANDARD_LIBRARIES = YES;
				CODE_SIGN_STYLE = Automatic;
				DEVELOPMENT_TEAM = P32D749BUR;
				INFOPLIST_FILE = "Covid-19UITests/Info.plist";
				LD_RUNPATH_SEARCH_PATHS = (
					"$(inherited)",
					"@executable_path/Frameworks",
					"@loader_path/Frameworks",
				);
				PRODUCT_BUNDLE_IDENTIFIER = "joohan.Covid-19UITests";
				PRODUCT_NAME = "$(TARGET_NAME)";
				SWIFT_VERSION = 5.0;
				TARGETED_DEVICE_FAMILY = "1,2";
				TEST_TARGET_NAME = "Covid-19";
			};
			name = Release;
		};
/* End XCBuildConfiguration section */

/* Begin XCConfigurationList section */
		692B8E77252FF10900D7F190 /* Build configuration list for PBXProject "Covid-19" */ = {
			isa = XCConfigurationList;
			buildConfigurations = (
				692B8E9F252FF10D00D7F190 /* Debug */,
				692B8EA0252FF10D00D7F190 /* Release */,
			);
			defaultConfigurationIsVisible = 0;
			defaultConfigurationName = Release;
		};
		692B8EA1252FF10D00D7F190 /* Build configuration list for PBXNativeTarget "Covid-19" */ = {
			isa = XCConfigurationList;
			buildConfigurations = (
				692B8EA2252FF10D00D7F190 /* Debug */,
				692B8EA3252FF10D00D7F190 /* Release */,
			);
			defaultConfigurationIsVisible = 0;
			defaultConfigurationName = Release;
		};
		692B8EA4252FF10D00D7F190 /* Build configuration list for PBXNativeTarget "Covid-19Tests" */ = {
			isa = XCConfigurationList;
			buildConfigurations = (
				692B8EA5252FF10D00D7F190 /* Debug */,
				692B8EA6252FF10D00D7F190 /* Release */,
			);
			defaultConfigurationIsVisible = 0;
			defaultConfigurationName = Release;
		};
		692B8EA7252FF10D00D7F190 /* Build configuration list for PBXNativeTarget "Covid-19UITests" */ = {
			isa = XCConfigurationList;
			buildConfigurations = (
				692B8EA8252FF10D00D7F190 /* Debug */,
				692B8EA9252FF10D00D7F190 /* Release */,
			);
			defaultConfigurationIsVisible = 0;
			defaultConfigurationName = Release;
		};
/* End XCConfigurationList section */
	};
	rootObject = 692B8E74252FF10900D7F190 /* Project object */;
}
